
Microsoft Visual Studio Solution File, Format Version 12.00
# Visual Studio Version 17
VisualStudioVersion = 17.8.34511.84
MinimumVisualStudioVersion = 10.0.40219.1
Project("{9A19103F-16F7-4668-BE54-9A1E7A4F7556}") = "Quizzy_Main", "Quizzy_Main.csproj", "{0F0DD2B5-228C-46C3-83EA-347BE4FD662C}"
EndProject
Project("{2150E333-8FDC-42A3-9474-1A3956D46DE8}") = "Solution Items", "Solution Items", "{97F703E8-ACF6-47D5-8168-606FC5D9811A}"
EndProject
Global
	GlobalSection(SolutionConfigurationPlatforms) = preSolution
		Debug|Any CPU = Debug|Any CPU
		Release|Any CPU = Release|Any CPU
	EndGlobalSection
	GlobalSection(ProjectConfigurationPlatforms) = postSolution
		{0F0DD2B5-228C-46C3-83EA-347BE4FD662C}.Debug|Any CPU.ActiveCfg = Debug|Any CPU
		{0F0DD2B5-228C-46C3-83EA-347BE4FD662C}.Debug|Any CPU.Build.0 = Debug|Any CPU
		{0F0DD2B5-228C-46C3-83EA-347BE4FD662C}.Release|Any CPU.ActiveCfg = Release|Any CPU
		{0F0DD2B5-228C-46C3-83EA-347BE4FD662C}.Release|Any CPU.Build.0 = Release|Any CPU
	EndGlobalSection
	GlobalSection(SolutionProperties) = preSolution
		HideSolutionNode = FALSE
	EndGlobalSection
	GlobalSection(ExtensibilityGlobals) = postSolution
		SolutionGuid = {7153EC7A-9701-413E-8517-3F54D76B519B}
	EndGlobalSection
EndGlobal
